// !$*UTF8*$!
{
	archiveVersion = 1;
	classes = {
	};
	objectVersion = 46;
	objects = {

/* Begin PBXBuildFile section */
		8BAD75671D58862700B585F7 /* main.m in Sources */ = {isa = PBXBuildFile; fileRef = 8BAD75661D58862700B585F7 /* main.m */; };
		8BAD756A1D58862700B585F7 /* AppDelegate.m in Sources */ = {isa = PBXBuildFile; fileRef = 8BAD75691D58862700B585F7 /* AppDelegate.m */; };
		8BAD756D1D58862700B585F7 /* ViewController.m in Sources */ = {isa = PBXBuildFile; fileRef = 8BAD756C1D58862700B585F7 /* ViewController.m */; };
		8BAD75701D58862700B585F7 /* Main.storyboard in Resources */ = {isa = PBXBuildFile; fileRef = 8BAD756E1D58862700B585F7 /* Main.storyboard */; };
		8BAD75721D58862700B585F7 /* Assets.xcassets in Resources */ = {isa = PBXBuildFile; fileRef = 8BAD75711D58862700B585F7 /* Assets.xcassets */; };
		8BAD75751D58862700B585F7 /* LaunchScreen.storyboard in Resources */ = {isa = PBXBuildFile; fileRef = 8BAD75731D58862700B585F7 /* LaunchScreen.storyboard */; };
		8BAD75961D5888D100B585F7 /* FileManageViewController.m in Sources */ = {isa = PBXBuildFile; fileRef = 8BAD757F1D5888D100B585F7 /* FileManageViewController.m */; };
		8BAD75971D5888D100B585F7 /* FileManageViewController.xib in Resources */ = {isa = PBXBuildFile; fileRef = 8BAD75801D5888D100B585F7 /* FileManageViewController.xib */; };
		8BAD75981D5888D100B585F7 /* FileModel.m in Sources */ = {isa = PBXBuildFile; fileRef = 8BAD75831D5888D100B585F7 /* FileModel.m */; };
		8BAD75991D5888D100B585F7 /* SandBoxFileManager.m in Sources */ = {isa = PBXBuildFile; fileRef = 8BAD75851D5888D100B585F7 /* SandBoxFileManager.m */; };
		8BAD759A1D5888D100B585F7 /* FilesListHeaderView.m in Sources */ = {isa = PBXBuildFile; fileRef = 8BAD75881D5888D100B585F7 /* FilesListHeaderView.m */; };
		8BAD759B1D5888D100B585F7 /* FilesListHeaderView.xib in Resources */ = {isa = PBXBuildFile; fileRef = 8BAD75891D5888D100B585F7 /* FilesListHeaderView.xib */; };
		8BAD759C1D5888D100B585F7 /* FileTableViewCell.m in Sources */ = {isa = PBXBuildFile; fileRef = 8BAD758B1D5888D100B585F7 /* FileTableViewCell.m */; };
		8BAD759D1D5888D100B585F7 /* FileTableViewCell.xib in Resources */ = {isa = PBXBuildFile; fileRef = 8BAD758C1D5888D100B585F7 /* FileTableViewCell.xib */; };
		8BAD759E1D5888D100B585F7 /* back_folder@2x.png in Resources */ = {isa = PBXBuildFile; fileRef = 8BAD758E1D5888D100B585F7 /* back_folder@2x.png */; };
		8BAD759F1D5888D100B585F7 /* cancel@2x.png in Resources */ = {isa = PBXBuildFile; fileRef = 8BAD758F1D5888D100B585F7 /* cancel@2x.png */; };
		8BAD75A01D5888D100B585F7 /* checkbox_selected@2x.png in Resources */ = {isa = PBXBuildFile; fileRef = 8BAD75901D5888D100B585F7 /* checkbox_selected@2x.png */; };
		8BAD75A11D5888D100B585F7 /* checkbox_unselected@2x.png in Resources */ = {isa = PBXBuildFile; fileRef = 8BAD75911D5888D100B585F7 /* checkbox_unselected@2x.png */; };
		8BAD75A21D5888D100B585F7 /* ico_arrow_right@2x.png in Resources */ = {isa = PBXBuildFile; fileRef = 8BAD75921D5888D100B585F7 /* ico_arrow_right@2x.png */; };
		8BAD75A31D5888D100B585F7 /* ico_file_common@2x.png in Resources */ = {isa = PBXBuildFile; fileRef = 8BAD75931D5888D100B585F7 /* ico_file_common@2x.png */; };
		8BAD75A41D5888D100B585F7 /* ico_folder@2x.png in Resources */ = {isa = PBXBuildFile; fileRef = 8BAD75941D5888D100B585F7 /* ico_folder@2x.png */; };
		8BAD75A51D5888D100B585F7 /* more@2x.png in Resources */ = {isa = PBXBuildFile; fileRef = 8BAD75951D5888D100B585F7 /* more@2x.png */; };
		8BAD75D71D588FFD00B585F7 /* AssetsLibraryUtils.m in Sources */ = {isa = PBXBuildFile; fileRef = 8BAD75AB1D588FFD00B585F7 /* AssetsLibraryUtils.m */; };
		8BAD75D81D588FFD00B585F7 /* AlbumGroupViewController.m in Sources */ = {isa = PBXBuildFile; fileRef = 8BAD75AE1D588FFD00B585F7 /* AlbumGroupViewController.m */; };
		8BAD75D91D588FFD00B585F7 /* AlbumGroupViewController.xib in Resources */ = {isa = PBXBuildFile; fileRef = 8BAD75AF1D588FFD00B585F7 /* AlbumGroupViewController.xib */; };
		8BAD75DA1D588FFD00B585F7 /* AlbumPickViewController.m in Sources */ = {isa = PBXBuildFile; fileRef = 8BAD75B11D588FFD00B585F7 /* AlbumPickViewController.m */; };
		8BAD75DB1D588FFD00B585F7 /* AlbumPickViewController.xib in Resources */ = {isa = PBXBuildFile; fileRef = 8BAD75B21D588FFD00B585F7 /* AlbumPickViewController.xib */; };
		8BAD75DC1D588FFD00B585F7 /* BaseMediaPickerViewController.m in Sources */ = {isa = PBXBuildFile; fileRef = 8BAD75B41D588FFD00B585F7 /* BaseMediaPickerViewController.m */; };
		8BAD75DD1D588FFD00B585F7 /* AbumModel.m in Sources */ = {isa = PBXBuildFile; fileRef = 8BAD75B71D588FFD00B585F7 /* AbumModel.m */; };
		8BAD75DE1D588FFD00B585F7 /* AlbumGroupModel.m in Sources */ = {isa = PBXBuildFile; fileRef = 8BAD75B91D588FFD00B585F7 /* AlbumGroupModel.m */; };
		8BAD75DF1D588FFD00B585F7 /* AlbumItemModel.m in Sources */ = {isa = PBXBuildFile; fileRef = 8BAD75BB1D588FFD00B585F7 /* AlbumItemModel.m */; };
		8BAD75E01D588FFD00B585F7 /* AlbumCollectionViewCell.m in Sources */ = {isa = PBXBuildFile; fileRef = 8BAD75BE1D588FFD00B585F7 /* AlbumCollectionViewCell.m */; };
		8BAD75E11D588FFD00B585F7 /* AlbumCollectionViewCell.xib in Resources */ = {isa = PBXBuildFile; fileRef = 8BAD75BF1D588FFD00B585F7 /* AlbumCollectionViewCell.xib */; };
		8BAD75E21D588FFD00B585F7 /* AlbumGroupTableViewCell.m in Sources */ = {isa = PBXBuildFile; fileRef = 8BAD75C11D588FFD00B585F7 /* AlbumGroupTableViewCell.m */; };
		8BAD75E31D588FFD00B585F7 /* AlbumGroupTableViewCell.xib in Resources */ = {isa = PBXBuildFile; fileRef = 8BAD75C21D588FFD00B585F7 /* AlbumGroupTableViewCell.xib */; };
		8BAD75E41D588FFD00B585F7 /* AlbumSelectCollectionView.m in Sources */ = {isa = PBXBuildFile; fileRef = 8BAD75C41D588FFD00B585F7 /* AlbumSelectCollectionView.m */; };
		8BAD75E51D588FFD00B585F7 /* album_back@2x.png in Resources */ = {isa = PBXBuildFile; fileRef = 8BAD75C61D588FFD00B585F7 /* album_back@2x.png */; };
		8BAD75E61D588FFD00B585F7 /* album_group_right@2x.png in Resources */ = {isa = PBXBuildFile; fileRef = 8BAD75C71D588FFD00B585F7 /* album_group_right@2x.png */; };
		8BAD75E71D588FFD00B585F7 /* album_selected@2x.png in Resources */ = {isa = PBXBuildFile; fileRef = 8BAD75C81D588FFD00B585F7 /* album_selected@2x.png */; };
		8BAD75E81D588FFD00B585F7 /* album_unselected@2x.png in Resources */ = {isa = PBXBuildFile; fileRef = 8BAD75C91D588FFD00B585F7 /* album_unselected@2x.png */; };
		8BAD75E91D588FFD00B585F7 /* icon_movie@2x.png in Resources */ = {isa = PBXBuildFile; fileRef = 8BAD75CA1D588FFD00B585F7 /* icon_movie@2x.png */; };
		8BAD75EA1D588FFD00B585F7 /* icon_picture@2x.png in Resources */ = {isa = PBXBuildFile; fileRef = 8BAD75CB1D588FFD00B585F7 /* icon_picture@2x.png */; };
		8BAD75EB1D588FFD00B585F7 /* back@2x.png in Resources */ = {isa = PBXBuildFile; fileRef = 8BAD75CF1D588FFD00B585F7 /* back@2x.png */; };
		8BAD75EC1D588FFD00B585F7 /* pause@2x.png in Resources */ = {isa = PBXBuildFile; fileRef = 8BAD75D01D588FFD00B585F7 /* pause@2x.png */; };
		8BAD75ED1D588FFD00B585F7 /* play@2x.png in Resources */ = {isa = PBXBuildFile; fileRef = 8BAD75D11D588FFD00B585F7 /* play@2x.png */; };
		8BAD75EE1D588FFD00B585F7 /* slide_indecator@2x.png in Resources */ = {isa = PBXBuildFile; fileRef = 8BAD75D21D588FFD00B585F7 /* slide_indecator@2x.png */; };
		8BAD75EF1D588FFD00B585F7 /* LJAVPlayerViewController.m in Sources */ = {isa = PBXBuildFile; fileRef = 8BAD75D41D588FFD00B585F7 /* LJAVPlayerViewController.m */; };
		8BAD75F01D588FFD00B585F7 /* SeekSlider.m in Sources */ = {isa = PBXBuildFile; fileRef = 8BAD75D61D588FFD00B585F7 /* SeekSlider.m */; };
/* End PBXBuildFile section */

/* Begin PBXFileReference section */
		8BAD75621D58862700B585F7 /* LJFileExplorer.app */ = {isa = PBXFileReference; explicitFileType = wrapper.application; includeInIndex = 0; path = LJFileExplorer.app; sourceTree = BUILT_PRODUCTS_DIR; };
		8BAD75661D58862700B585F7 /* main.m */ = {isa = PBXFileReference; lastKnownFileType = sourcecode.c.objc; path = main.m; sourceTree = "<group>"; };
		8BAD75681D58862700B585F7 /* AppDelegate.h */ = {isa = PBXFileReference; lastKnownFileType = sourcecode.c.h; path = AppDelegate.h; sourceTree = "<group>"; };
		8BAD75691D58862700B585F7 /* AppDelegate.m */ = {isa = PBXFileReference; lastKnownFileType = sourcecode.c.objc; path = AppDelegate.m; sourceTree = "<group>"; };
		8BAD756B1D58862700B585F7 /* ViewController.h */ = {isa = PBXFileReference; lastKnownFileType = sourcecode.c.h; path = ViewController.h; sourceTree = "<group>"; };
		8BAD756C1D58862700B585F7 /* ViewController.m */ = {isa = PBXFileReference; lastKnownFileType = sourcecode.c.objc; path = ViewController.m; sourceTree = "<group>"; };
		8BAD756F1D58862700B585F7 /* Base */ = {isa = PBXFileReference; lastKnownFileType = file.storyboard; name = Base; path = Base.lproj/Main.storyboard; sourceTree = "<group>"; };
		8BAD75711D58862700B585F7 /* Assets.xcassets */ = {isa = PBXFileReference; lastKnownFileType = folder.assetcatalog; path = Assets.xcassets; sourceTree = "<group>"; };
		8BAD75741D58862700B585F7 /* Base */ = {isa = PBXFileReference; lastKnownFileType = file.storyboard; name = Base; path = Base.lproj/LaunchScreen.storyboard; sourceTree = "<group>"; };
		8BAD75761D58862700B585F7 /* Info.plist */ = {isa = PBXFileReference; lastKnownFileType = text.plist.xml; path = Info.plist; sourceTree = "<group>"; };
		8BAD757E1D5888D100B585F7 /* FileManageViewController.h */ = {isa = PBXFileReference; fileEncoding = 4; lastKnownFileType = sourcecode.c.h; path = FileManageViewController.h; sourceTree = "<group>"; };
		8BAD757F1D5888D100B585F7 /* FileManageViewController.m */ = {isa = PBXFileReference; fileEncoding = 4; lastKnownFileType = sourcecode.c.objc; path = FileManageViewController.m; sourceTree = "<group>"; };
		8BAD75801D5888D100B585F7 /* FileManageViewController.xib */ = {isa = PBXFileReference; fileEncoding = 4; lastKnownFileType = file.xib; path = FileManageViewController.xib; sourceTree = "<group>"; };
		8BAD75821D5888D100B585F7 /* FileModel.h */ = {isa = PBXFileReference; fileEncoding = 4; lastKnownFileType = sourcecode.c.h; path = FileModel.h; sourceTree = "<group>"; };
		8BAD75831D5888D100B585F7 /* FileModel.m */ = {isa = PBXFileReference; fileEncoding = 4; lastKnownFileType = sourcecode.c.objc; path = FileModel.m; sourceTree = "<group>"; };
		8BAD75841D5888D100B585F7 /* SandBoxFileManager.h */ = {isa = PBXFileReference; fileEncoding = 4; lastKnownFileType = sourcecode.c.h; path = SandBoxFileManager.h; sourceTree = "<group>"; };
		8BAD75851D5888D100B585F7 /* SandBoxFileManager.m */ = {isa = PBXFileReference; fileEncoding = 4; lastKnownFileType = sourcecode.c.objc; path = SandBoxFileManager.m; sourceTree = "<group>"; };
		8BAD75871D5888D100B585F7 /* FilesListHeaderView.h */ = {isa = PBXFileReference; fileEncoding = 4; lastKnownFileType = sourcecode.c.h; path = FilesListHeaderView.h; sourceTree = "<group>"; };
		8BAD75881D5888D100B585F7 /* FilesListHeaderView.m */ = {isa = PBXFileReference; fileEncoding = 4; lastKnownFileType = sourcecode.c.objc; path = FilesListHeaderView.m; sourceTree = "<group>"; };
		8BAD75891D5888D100B585F7 /* FilesListHeaderView.xib */ = {isa = PBXFileReference; fileEncoding = 4; lastKnownFileType = file.xib; path = FilesListHeaderView.xib; sourceTree = "<group>"; };
		8BAD758A1D5888D100B585F7 /* FileTableViewCell.h */ = {isa = PBXFileReference; fileEncoding = 4; lastKnownFileType = sourcecode.c.h; path = FileTableViewCell.h; sourceTree = "<group>"; };
		8BAD758B1D5888D100B585F7 /* FileTableViewCell.m */ = {isa = PBXFileReference; fileEncoding = 4; lastKnownFileType = sourcecode.c.objc; path = FileTableViewCell.m; sourceTree = "<group>"; };
		8BAD758C1D5888D100B585F7 /* FileTableViewCell.xib */ = {isa = PBXFileReference; fileEncoding = 4; lastKnownFileType = file.xib; path = FileTableViewCell.xib; sourceTree = "<group>"; };
		8BAD758E1D5888D100B585F7 /* back_folder@2x.png */ = {isa = PBXFileReference; lastKnownFileType = image.png; path = "back_folder@2x.png"; sourceTree = "<group>"; };
		8BAD758F1D5888D100B585F7 /* cancel@2x.png */ = {isa = PBXFileReference; lastKnownFileType = image.png; path = "cancel@2x.png"; sourceTree = "<group>"; };
		8BAD75901D5888D100B585F7 /* checkbox_selected@2x.png */ = {isa = PBXFileReference; lastKnownFileType = image.png; path = "checkbox_selected@2x.png"; sourceTree = "<group>"; };
		8BAD75911D5888D100B585F7 /* checkbox_unselected@2x.png */ = {isa = PBXFileReference; lastKnownFileType = image.png; path = "checkbox_unselected@2x.png"; sourceTree = "<group>"; };
		8BAD75921D5888D100B585F7 /* ico_arrow_right@2x.png */ = {isa = PBXFileReference; lastKnownFileType = image.png; path = "ico_arrow_right@2x.png"; sourceTree = "<group>"; };
		8BAD75931D5888D100B585F7 /* ico_file_common@2x.png */ = {isa = PBXFileReference; lastKnownFileType = image.png; path = "ico_file_common@2x.png"; sourceTree = "<group>"; };
		8BAD75941D5888D100B585F7 /* ico_folder@2x.png */ = {isa = PBXFileReference; lastKnownFileType = image.png; path = "ico_folder@2x.png"; sourceTree = "<group>"; };
		8BAD75951D5888D100B585F7 /* more@2x.png */ = {isa = PBXFileReference; lastKnownFileType = image.png; path = "more@2x.png"; sourceTree = "<group>"; };
		8BAD75AA1D588FFD00B585F7 /* AssetsLibraryUtils.h */ = {isa = PBXFileReference; fileEncoding = 4; lastKnownFileType = sourcecode.c.h; path = AssetsLibraryUtils.h; sourceTree = "<group>"; };
		8BAD75AB1D588FFD00B585F7 /* AssetsLibraryUtils.m */ = {isa = PBXFileReference; fileEncoding = 4; lastKnownFileType = sourcecode.c.objc; path = AssetsLibraryUtils.m; sourceTree = "<group>"; };
		8BAD75AD1D588FFD00B585F7 /* AlbumGroupViewController.h */ = {isa = PBXFileReference; fileEncoding = 4; lastKnownFileType = sourcecode.c.h; path = AlbumGroupViewController.h; sourceTree = "<group>"; };
		8BAD75AE1D588FFD00B585F7 /* AlbumGroupViewController.m */ = {isa = PBXFileReference; fileEncoding = 4; lastKnownFileType = sourcecode.c.objc; path = AlbumGroupViewController.m; sourceTree = "<group>"; };
		8BAD75AF1D588FFD00B585F7 /* AlbumGroupViewController.xib */ = {isa = PBXFileReference; fileEncoding = 4; lastKnownFileType = file.xib; path = AlbumGroupViewController.xib; sourceTree = "<group>"; };
		8BAD75B01D588FFD00B585F7 /* AlbumPickViewController.h */ = {isa = PBXFileReference; fileEncoding = 4; lastKnownFileType = sourcecode.c.h; path = AlbumPickViewController.h; sourceTree = "<group>"; };
		8BAD75B11D588FFD00B585F7 /* AlbumPickViewController.m */ = {isa = PBXFileReference; fileEncoding = 4; lastKnownFileType = sourcecode.c.objc; path = AlbumPickViewController.m; sourceTree = "<group>"; };
		8BAD75B21D588FFD00B585F7 /* AlbumPickViewController.xib */ = {isa = PBXFileReference; fileEncoding = 4; lastKnownFileType = file.xib; path = AlbumPickViewController.xib; sourceTree = "<group>"; };
		8BAD75B31D588FFD00B585F7 /* BaseMediaPickerViewController.h */ = {isa = PBXFileReference; fileEncoding = 4; lastKnownFileType = sourcecode.c.h; path = BaseMediaPickerViewController.h; sourceTree = "<group>"; };
		8BAD75B41D588FFD00B585F7 /* BaseMediaPickerViewController.m */ = {isa = PBXFileReference; fileEncoding = 4; lastKnownFileType = sourcecode.c.objc; path = BaseMediaPickerViewController.m; sourceTree = "<group>"; };
		8BAD75B61D588FFD00B585F7 /* AbumModel.h */ = {isa = PBXFileReference; fileEncoding = 4; lastKnownFileType = sourcecode.c.h; path = AbumModel.h; sourceTree = "<group>"; };
		8BAD75B71D588FFD00B585F7 /* AbumModel.m */ = {isa = PBXFileReference; fileEncoding = 4; lastKnownFileType = sourcecode.c.objc; path = AbumModel.m; sourceTree = "<group>"; };
		8BAD75B81D588FFD00B585F7 /* AlbumGroupModel.h */ = {isa = PBXFileReference; fileEncoding = 4; lastKnownFileType = sourcecode.c.h; path = AlbumGroupModel.h; sourceTree = "<group>"; };
		8BAD75B91D588FFD00B585F7 /* AlbumGroupModel.m */ = {isa = PBXFileReference; fileEncoding = 4; lastKnownFileType = sourcecode.c.objc; path = AlbumGroupModel.m; sourceTree = "<group>"; };
		8BAD75BA1D588FFD00B585F7 /* AlbumItemModel.h */ = {isa = PBXFileReference; fileEncoding = 4; lastKnownFileType = sourcecode.c.h; path = AlbumItemModel.h; sourceTree = "<group>"; };
		8BAD75BB1D588FFD00B585F7 /* AlbumItemModel.m */ = {isa = PBXFileReference; fileEncoding = 4; lastKnownFileType = sourcecode.c.objc; path = AlbumItemModel.m; sourceTree = "<group>"; };
		8BAD75BD1D588FFD00B585F7 /* AlbumCollectionViewCell.h */ = {isa = PBXFileReference; fileEncoding = 4; lastKnownFileType = sourcecode.c.h; path = AlbumCollectionViewCell.h; sourceTree = "<group>"; };
		8BAD75BE1D588FFD00B585F7 /* AlbumCollectionViewCell.m */ = {isa = PBXFileReference; fileEncoding = 4; lastKnownFileType = sourcecode.c.objc; path = AlbumCollectionViewCell.m; sourceTree = "<group>"; };
		8BAD75BF1D588FFD00B585F7 /* AlbumCollectionViewCell.xib */ = {isa = PBXFileReference; fileEncoding = 4; lastKnownFileType = file.xib; path = AlbumCollectionViewCell.xib; sourceTree = "<group>"; };
		8BAD75C01D588FFD00B585F7 /* AlbumGroupTableViewCell.h */ = {isa = PBXFileReference; fileEncoding = 4; lastKnownFileType = sourcecode.c.h; path = AlbumGroupTableViewCell.h; sourceTree = "<group>"; };
		8BAD75C11D588FFD00B585F7 /* AlbumGroupTableViewCell.m */ = {isa = PBXFileReference; fileEncoding = 4; lastKnownFileType = sourcecode.c.objc; path = AlbumGroupTableViewCell.m; sourceTree = "<group>"; };
		8BAD75C21D588FFD00B585F7 /* AlbumGroupTableViewCell.xib */ = {isa = PBXFileReference; fileEncoding = 4; lastKnownFileType = file.xib; path = AlbumGroupTableViewCell.xib; sourceTree = "<group>"; };
		8BAD75C31D588FFD00B585F7 /* AlbumSelectCollectionView.h */ = {isa = PBXFileReference; fileEncoding = 4; lastKnownFileType = sourcecode.c.h; path = AlbumSelectCollectionView.h; sourceTree = "<group>"; };
		8BAD75C41D588FFD00B585F7 /* AlbumSelectCollectionView.m */ = {isa = PBXFileReference; fileEncoding = 4; lastKnownFileType = sourcecode.c.objc; path = AlbumSelectCollectionView.m; sourceTree = "<group>"; };
		8BAD75C61D588FFD00B585F7 /* album_back@2x.png */ = {isa = PBXFileReference; lastKnownFileType = image.png; path = "album_back@2x.png"; sourceTree = "<group>"; };
		8BAD75C71D588FFD00B585F7 /* album_group_right@2x.png */ = {isa = PBXFileReference; lastKnownFileType = image.png; path = "album_group_right@2x.png"; sourceTree = "<group>"; };
		8BAD75C81D588FFD00B585F7 /* album_selected@2x.png */ = {isa = PBXFileReference; lastKnownFileType = image.png; path = "album_selected@2x.png"; sourceTree = "<group>"; };
		8BAD75C91D588FFD00B585F7 /* album_unselected@2x.png */ = {isa = PBXFileReference; lastKnownFileType = image.png; path = "album_unselected@2x.png"; sourceTree = "<group>"; };
		8BAD75CA1D588FFD00B585F7 /* icon_movie@2x.png */ = {isa = PBXFileReference; lastKnownFileType = image.png; path = "icon_movie@2x.png"; sourceTree = "<group>"; };
		8BAD75CB1D588FFD00B585F7 /* icon_picture@2x.png */ = {isa = PBXFileReference; lastKnownFileType = image.png; path = "icon_picture@2x.png"; sourceTree = "<group>"; };
		8BAD75CF1D588FFD00B585F7 /* back@2x.png */ = {isa = PBXFileReference; lastKnownFileType = image.png; path = "back@2x.png"; sourceTree = "<group>"; };
		8BAD75D01D588FFD00B585F7 /* pause@2x.png */ = {isa = PBXFileReference; lastKnownFileType = image.png; path = "pause@2x.png"; sourceTree = "<group>"; };
		8BAD75D11D588FFD00B585F7 /* play@2x.png */ = {isa = PBXFileReference; lastKnownFileType = image.png; path = "play@2x.png"; sourceTree = "<group>"; };
		8BAD75D21D588FFD00B585F7 /* slide_indecator@2x.png */ = {isa = PBXFileReference; lastKnownFileType = image.png; path = "slide_indecator@2x.png"; sourceTree = "<group>"; };
		8BAD75D31D588FFD00B585F7 /* LJAVPlayerViewController.h */ = {isa = PBXFileReference; fileEncoding = 4; lastKnownFileType = sourcecode.c.h; path = LJAVPlayerViewController.h; sourceTree = "<group>"; };
		8BAD75D41D588FFD00B585F7 /* LJAVPlayerViewController.m */ = {isa = PBXFileReference; fileEncoding = 4; lastKnownFileType = sourcecode.c.objc; path = LJAVPlayerViewController.m; sourceTree = "<group>"; };
		8BAD75D51D588FFD00B585F7 /* SeekSlider.h */ = {isa = PBXFileReference; fileEncoding = 4; lastKnownFileType = sourcecode.c.h; path = SeekSlider.h; sourceTree = "<group>"; };
		8BAD75D61D588FFD00B585F7 /* SeekSlider.m */ = {isa = PBXFileReference; fileEncoding = 4; lastKnownFileType = sourcecode.c.objc; path = SeekSlider.m; sourceTree = "<group>"; };
/* End PBXFileReference section */

/* Begin PBXFrameworksBuildPhase section */
		8BAD755F1D58862700B585F7 /* Frameworks */ = {
			isa = PBXFrameworksBuildPhase;
			buildActionMask = 2147483647;
			files = (
			);
			runOnlyForDeploymentPostprocessing = 0;
		};
/* End PBXFrameworksBuildPhase section */

/* Begin PBXGroup section */
		8BAD75591D58862600B585F7 = {
			isa = PBXGroup;
			children = (
				8BAD75641D58862700B585F7 /* LJFileExplorer */,
				8BAD75631D58862700B585F7 /* Products */,
			);
			sourceTree = "<group>";
		};
		8BAD75631D58862700B585F7 /* Products */ = {
			isa = PBXGroup;
			children = (
				8BAD75621D58862700B585F7 /* LJFileExplorer.app */,
			);
			name = Products;
			sourceTree = "<group>";
		};
		8BAD75641D58862700B585F7 /* LJFileExplorer */ = {
			isa = PBXGroup;
			children = (
				8BAD75A81D588FFD00B585F7 /* FileInOut */,
				8BAD75CC1D588FFD00B585F7 /* FileOpen */,
				8BAD757C1D5888D100B585F7 /* LJFileManager */,
				8BAD75681D58862700B585F7 /* AppDelegate.h */,
				8BAD75691D58862700B585F7 /* AppDelegate.m */,
				8BAD756B1D58862700B585F7 /* ViewController.h */,
				8BAD756C1D58862700B585F7 /* ViewController.m */,
				8BAD756E1D58862700B585F7 /* Main.storyboard */,
				8BAD75711D58862700B585F7 /* Assets.xcassets */,
				8BAD75731D58862700B585F7 /* LaunchScreen.storyboard */,
				8BAD75761D58862700B585F7 /* Info.plist */,
				8BAD75651D58862700B585F7 /* Supporting Files */,
			);
			path = LJFileExplorer;
			sourceTree = "<group>";
		};
		8BAD75651D58862700B585F7 /* Supporting Files */ = {
			isa = PBXGroup;
			children = (
				8BAD75661D58862700B585F7 /* main.m */,
			);
			name = "Supporting Files";
			sourceTree = "<group>";
		};
		8BAD757C1D5888D100B585F7 /* LJFileManager */ = {
			isa = PBXGroup;
			children = (
				8BAD757D1D5888D100B585F7 /* Controllers */,
				8BAD75811D5888D100B585F7 /* Models */,
				8BAD75841D5888D100B585F7 /* SandBoxFileManager.h */,
				8BAD75851D5888D100B585F7 /* SandBoxFileManager.m */,
				8BAD75861D5888D100B585F7 /* Views */,
			);
			path = LJFileManager;
			sourceTree = "<group>";
		};
		8BAD757D1D5888D100B585F7 /* Controllers */ = {
			isa = PBXGroup;
			children = (
				8BAD757E1D5888D100B585F7 /* FileManageViewController.h */,
				8BAD757F1D5888D100B585F7 /* FileManageViewController.m */,
				8BAD75801D5888D100B585F7 /* FileManageViewController.xib */,
			);
			path = Controllers;
			sourceTree = "<group>";
		};
		8BAD75811D5888D100B585F7 /* Models */ = {
			isa = PBXGroup;
			children = (
				8BAD75821D5888D100B585F7 /* FileModel.h */,
				8BAD75831D5888D100B585F7 /* FileModel.m */,
			);
			path = Models;
			sourceTree = "<group>";
		};
		8BAD75861D5888D100B585F7 /* Views */ = {
			isa = PBXGroup;
			children = (
				8BAD75871D5888D100B585F7 /* FilesListHeaderView.h */,
				8BAD75881D5888D100B585F7 /* FilesListHeaderView.m */,
				8BAD75891D5888D100B585F7 /* FilesListHeaderView.xib */,
				8BAD758A1D5888D100B585F7 /* FileTableViewCell.h */,
				8BAD758B1D5888D100B585F7 /* FileTableViewCell.m */,
				8BAD758C1D5888D100B585F7 /* FileTableViewCell.xib */,
				8BAD758D1D5888D100B585F7 /* Images */,
			);
			path = Views;
			sourceTree = "<group>";
		};
		8BAD758D1D5888D100B585F7 /* Images */ = {
			isa = PBXGroup;
			children = (
				8BAD758E1D5888D100B585F7 /* back_folder@2x.png */,
				8BAD758F1D5888D100B585F7 /* cancel@2x.png */,
				8BAD75901D5888D100B585F7 /* checkbox_selected@2x.png */,
				8BAD75911D5888D100B585F7 /* checkbox_unselected@2x.png */,
				8BAD75921D5888D100B585F7 /* ico_arrow_right@2x.png */,
				8BAD75931D5888D100B585F7 /* ico_file_common@2x.png */,
				8BAD75941D5888D100B585F7 /* ico_folder@2x.png */,
				8BAD75951D5888D100B585F7 /* more@2x.png */,
			);
			path = Images;
			sourceTree = "<group>";
		};
		8BAD75A81D588FFD00B585F7 /* FileInOut */ = {
			isa = PBXGroup;
			children = (
				8BAD75A91D588FFD00B585F7 /* LJAlbumPicker */,
			);
			path = FileInOut;
			sourceTree = "<group>";
		};
		8BAD75A91D588FFD00B585F7 /* LJAlbumPicker */ = {
			isa = PBXGroup;
			children = (
				8BAD75AA1D588FFD00B585F7 /* AssetsLibraryUtils.h */,
				8BAD75AB1D588FFD00B585F7 /* AssetsLibraryUtils.m */,
				8BAD75AC1D588FFD00B585F7 /* Controllers */,
				8BAD75B51D588FFD00B585F7 /* Models */,
				8BAD75BC1D588FFD00B585F7 /* Views */,
			);
			path = LJAlbumPicker;
			sourceTree = "<group>";
		};
		8BAD75AC1D588FFD00B585F7 /* Controllers */ = {
			isa = PBXGroup;
			children = (
				8BAD75AD1D588FFD00B585F7 /* AlbumGroupViewController.h */,
				8BAD75AE1D588FFD00B585F7 /* AlbumGroupViewController.m */,
				8BAD75AF1D588FFD00B585F7 /* AlbumGroupViewController.xib */,
				8BAD75B01D588FFD00B585F7 /* AlbumPickViewController.h */,
				8BAD75B11D588FFD00B585F7 /* AlbumPickViewController.m */,
				8BAD75B21D588FFD00B585F7 /* AlbumPickViewController.xib */,
				8BAD75B31D588FFD00B585F7 /* BaseMediaPickerViewController.h */,
				8BAD75B41D588FFD00B585F7 /* BaseMediaPickerViewController.m */,
			);
			path = Controllers;
			sourceTree = "<group>";
		};
		8BAD75B51D588FFD00B585F7 /* Models */ = {
			isa = PBXGroup;
			children = (
				8BAD75B61D588FFD00B585F7 /* AbumModel.h */,
				8BAD75B71D588FFD00B585F7 /* AbumModel.m */,
				8BAD75B81D588FFD00B585F7 /* AlbumGroupModel.h */,
				8BAD75B91D588FFD00B585F7 /* AlbumGroupModel.m */,
				8BAD75BA1D588FFD00B585F7 /* AlbumItemModel.h */,
				8BAD75BB1D588FFD00B585F7 /* AlbumItemModel.m */,
			);
			path = Models;
			sourceTree = "<group>";
		};
		8BAD75BC1D588FFD00B585F7 /* Views */ = {
			isa = PBXGroup;
			children = (
				8BAD75BD1D588FFD00B585F7 /* AlbumCollectionViewCell.h */,
				8BAD75BE1D588FFD00B585F7 /* AlbumCollectionViewCell.m */,
				8BAD75BF1D588FFD00B585F7 /* AlbumCollectionViewCell.xib */,
				8BAD75C01D588FFD00B585F7 /* AlbumGroupTableViewCell.h */,
				8BAD75C11D588FFD00B585F7 /* AlbumGroupTableViewCell.m */,
				8BAD75C21D588FFD00B585F7 /* AlbumGroupTableViewCell.xib */,
				8BAD75C31D588FFD00B585F7 /* AlbumSelectCollectionView.h */,
				8BAD75C41D588FFD00B585F7 /* AlbumSelectCollectionView.m */,
				8BAD75C51D588FFD00B585F7 /* Images */,
			);
			path = Views;
			sourceTree = "<group>";
		};
		8BAD75C51D588FFD00B585F7 /* Images */ = {
			isa = PBXGroup;
			children = (
				8BAD75C61D588FFD00B585F7 /* album_back@2x.png */,
				8BAD75C71D588FFD00B585F7 /* album_group_right@2x.png */,
				8BAD75C81D588FFD00B585F7 /* album_selected@2x.png */,
				8BAD75C91D588FFD00B585F7 /* album_unselected@2x.png */,
				8BAD75CA1D588FFD00B585F7 /* icon_movie@2x.png */,
				8BAD75CB1D588FFD00B585F7 /* icon_picture@2x.png */,
			);
			path = Images;
			sourceTree = "<group>";
		};
		8BAD75CC1D588FFD00B585F7 /* FileOpen */ = {
			isa = PBXGroup;
			children = (
				8BAD75CD1D588FFD00B585F7 /* LJAVPlayer */,
			);
			path = FileOpen;
			sourceTree = "<group>";
		};
		8BAD75CD1D588FFD00B585F7 /* LJAVPlayer */ = {
			isa = PBXGroup;
			children = (
				8BAD75CE1D588FFD00B585F7 /* Images */,
				8BAD75D31D588FFD00B585F7 /* LJAVPlayerViewController.h */,
				8BAD75D41D588FFD00B585F7 /* LJAVPlayerViewController.m */,
				8BAD75D51D588FFD00B585F7 /* SeekSlider.h */,
				8BAD75D61D588FFD00B585F7 /* SeekSlider.m */,
			);
			path = LJAVPlayer;
			sourceTree = "<group>";
		};
		8BAD75CE1D588FFD00B585F7 /* Images */ = {
			isa = PBXGroup;
			children = (
				8BAD75CF1D588FFD00B585F7 /* back@2x.png */,
				8BAD75D01D588FFD00B585F7 /* pause@2x.png */,
				8BAD75D11D588FFD00B585F7 /* play@2x.png */,
				8BAD75D21D588FFD00B585F7 /* slide_indecator@2x.png */,
			);
			path = Images;
			sourceTree = "<group>";
		};
/* End PBXGroup section */

/* Begin PBXNativeTarget section */
		8BAD75611D58862700B585F7 /* LJFileExplorer */ = {
			isa = PBXNativeTarget;
			buildConfigurationList = 8BAD75791D58862700B585F7 /* Build configuration list for PBXNativeTarget "LJFileExplorer" */;
			buildPhases = (
				8BAD755E1D58862700B585F7 /* Sources */,
				8BAD755F1D58862700B585F7 /* Frameworks */,
				8BAD75601D58862700B585F7 /* Resources */,
			);
			buildRules = (
			);
			dependencies = (
			);
			name = LJFileExplorer;
			productName = LJFileExplorer;
			productReference = 8BAD75621D58862700B585F7 /* LJFileExplorer.app */;
			productType = "com.apple.product-type.application";
		};
/* End PBXNativeTarget section */

/* Begin PBXProject section */
		8BAD755A1D58862600B585F7 /* Project object */ = {
			isa = PBXProject;
			attributes = {
				LastUpgradeCheck = 0730;
				ORGANIZATIONNAME = cn.ljj;
				TargetAttributes = {
					8BAD75611D58862700B585F7 = {
						CreatedOnToolsVersion = 7.3.1;
					};
				};
			};
			buildConfigurationList = 8BAD755D1D58862600B585F7 /* Build configuration list for PBXProject "LJFileExplorer" */;
			compatibilityVersion = "Xcode 3.2";
			developmentRegion = English;
			hasScannedForEncodings = 0;
			knownRegions = (
				en,
				Base,
			);
			mainGroup = 8BAD75591D58862600B585F7;
			productRefGroup = 8BAD75631D58862700B585F7 /* Products */;
			projectDirPath = "";
			projectRoot = "";
			targets = (
				8BAD75611D58862700B585F7 /* LJFileExplorer */,
			);
		};
/* End PBXProject section */

/* Begin PBXResourcesBuildPhase section */
		8BAD75601D58862700B585F7 /* Resources */ = {
			isa = PBXResourcesBuildPhase;
			buildActionMask = 2147483647;
			files = (
				8BAD759F1D5888D100B585F7 /* cancel@2x.png in Resources */,
				8BAD75A31D5888D100B585F7 /* ico_file_common@2x.png in Resources */,
				8BAD75ED1D588FFD00B585F7 /* play@2x.png in Resources */,
				8BAD759E1D5888D100B585F7 /* back_folder@2x.png in Resources */,
				8BAD75E61D588FFD00B585F7 /* album_group_right@2x.png in Resources */,
				8BAD75DB1D588FFD00B585F7 /* AlbumPickViewController.xib in Resources */,
				8BAD75A01D5888D100B585F7 /* checkbox_selected@2x.png in Resources */,
				8BAD75E51D588FFD00B585F7 /* album_back@2x.png in Resources */,
				8BAD75EC1D588FFD00B585F7 /* pause@2x.png in Resources */,
				8BAD75EB1D588FFD00B585F7 /* back@2x.png in Resources */,
				8BAD75751D58862700B585F7 /* LaunchScreen.storyboard in Resources */,
				8BAD75971D5888D100B585F7 /* FileManageViewController.xib in Resources */,
				8BAD75A41D5888D100B585F7 /* ico_folder@2x.png in Resources */,
				8BAD75A21D5888D100B585F7 /* ico_arrow_right@2x.png in Resources */,
				8BAD75E71D588FFD00B585F7 /* album_selected@2x.png in Resources */,
				8BAD75E31D588FFD00B585F7 /* AlbumGroupTableViewCell.xib in Resources */,
				8BAD75E11D588FFD00B585F7 /* AlbumCollectionViewCell.xib in Resources */,
				8BAD75721D58862700B585F7 /* Assets.xcassets in Resources */,
				8BAD75D91D588FFD00B585F7 /* AlbumGroupViewController.xib in Resources */,
				8BAD75E81D588FFD00B585F7 /* album_unselected@2x.png in Resources */,
				8BAD75EE1D588FFD00B585F7 /* slide_indecator@2x.png in Resources */,
				8BAD759B1D5888D100B585F7 /* FilesListHeaderView.xib in Resources */,
				8BAD75701D58862700B585F7 /* Main.storyboard in Resources */,
				8BAD759D1D5888D100B585F7 /* FileTableViewCell.xib in Resources */,
				8BAD75EA1D588FFD00B585F7 /* icon_picture@2x.png in Resources */,
				8BAD75A11D5888D100B585F7 /* checkbox_unselected@2x.png in Resources */,
				8BAD75A51D5888D100B585F7 /* more@2x.png in Resources */,
				8BAD75E91D588FFD00B585F7 /* icon_movie@2x.png in Resources */,
			);
			runOnlyForDeploymentPostprocessing = 0;
		};
/* End PBXResourcesBuildPhase section */

/* Begin PBXSourcesBuildPhase section */
		8BAD755E1D58862700B585F7 /* Sources */ = {
			isa = PBXSourcesBuildPhase;
			buildActionMask = 2147483647;
			files = (
				8BAD756D1D58862700B585F7 /* ViewController.m in Sources */,
				8BAD759C1D5888D100B585F7 /* FileTableViewCell.m in Sources */,
				8BAD75E41D588FFD00B585F7 /* AlbumSelectCollectionView.m in Sources */,
				8BAD75981D5888D100B585F7 /* FileModel.m in Sources */,
				8BAD75961D5888D100B585F7 /* FileManageViewController.m in Sources */,
				8BAD75D71D588FFD00B585F7 /* AssetsLibraryUtils.m in Sources */,
				8BAD75EF1D588FFD00B585F7 /* LJAVPlayerViewController.m in Sources */,
				8BAD756A1D58862700B585F7 /* AppDelegate.m in Sources */,
				8BAD75DC1D588FFD00B585F7 /* BaseMediaPickerViewController.m in Sources */,
				8BAD75DE1D588FFD00B585F7 /* AlbumGroupModel.m in Sources */,
				8BAD75D81D588FFD00B585F7 /* AlbumGroupViewController.m in Sources */,
				8BAD75DD1D588FFD00B585F7 /* AbumModel.m in Sources */,
				8BAD75671D58862700B585F7 /* main.m in Sources */,
				8BAD75DF1D588FFD00B585F7 /* AlbumItemModel.m in Sources */,
				8BAD75E01D588FFD00B585F7 /* AlbumCollectionViewCell.m in Sources */,
				8BAD75DA1D588FFD00B585F7 /* AlbumPickViewController.m in Sources */,
				8BAD75E21D588FFD00B585F7 /* AlbumGroupTableViewCell.m in Sources */,
				8BAD759A1D5888D100B585F7 /* FilesListHeaderView.m in Sources */,
				8BAD75F01D588FFD00B585F7 /* SeekSlider.m in Sources */,
				8BAD75991D5888D100B585F7 /* SandBoxFileManager.m in Sources */,
			);
			runOnlyForDeploymentPostprocessing = 0;
		};
/* End PBXSourcesBuildPhase section */

/* Begin PBXVariantGroup section */
		8BAD756E1D58862700B585F7 /* Main.storyboard */ = {
			isa = PBXVariantGroup;
			children = (
				8BAD756F1D58862700B585F7 /* Base */,
			);
			name = Main.storyboard;
			sourceTree = "<group>";
		};
		8BAD75731D58862700B585F7 /* LaunchScreen.storyboard */ = {
			isa = PBXVariantGroup;
			children = (
				8BAD75741D58862700B585F7 /* Base */,
			);
			name = LaunchScreen.storyboard;
			sourceTree = "<group>";
		};
/* End PBXVariantGroup section */

/* Begin XCBuildConfiguration section */
		8BAD75771D58862700B585F7 /* Debug */ = {
			isa = XCBuildConfiguration;
			buildSettings = {
				ALWAYS_SEARCH_USER_PATHS = NO;
				CLANG_ANALYZER_NONNULL = YES;
				CLANG_CXX_LANGUAGE_STANDARD = "gnu++0x";
				CLANG_CXX_LIBRARY = "libc++";
				CLANG_ENABLE_MODULES = YES;
				CLANG_ENABLE_OBJC_ARC = YES;
				CLANG_WARN_BOOL_CONVERSION = YES;
				CLANG_WARN_CONSTANT_CONVERSION = YES;
				CLANG_WARN_DIRECT_OBJC_ISA_USAGE = YES_ERROR;
				CLANG_WARN_EMPTY_BODY = YES;
				CLANG_WARN_ENUM_CONVERSION = YES;
				CLANG_WARN_INT_CONVERSION = YES;
				CLANG_WARN_OBJC_ROOT_CLASS = YES_ERROR;
				CLANG_WARN_UNREACHABLE_CODE = YES;
				CLANG_WARN__DUPLICATE_METHOD_MATCH = YES;
				"CODE_SIGN_IDENTITY[sdk=iphoneos*]" = "iPhone Developer";
				COPY_PHASE_STRIP = NO;
				DEBUG_INFORMATION_FORMAT = dwarf;
				ENABLE_STRICT_OBJC_MSGSEND = YES;
				ENABLE_TESTABILITY = YES;
				GCC_C_LANGUAGE_STANDARD = gnu99;
				GCC_DYNAMIC_NO_PIC = NO;
				GCC_NO_COMMON_BLOCKS = YES;
				GCC_OPTIMIZATION_LEVEL = 0;
				GCC_PREPROCESSOR_DEFINITIONS = (
					"DEBUG=1",
					"$(inherited)",
				);
				GCC_WARN_64_TO_32_BIT_CONVERSION = YES;
				GCC_WARN_ABOUT_RETURN_TYPE = YES_ERROR;
				GCC_WARN_UNDECLARED_SELECTOR = YES;
				GCC_WARN_UNINITIALIZED_AUTOS = YES_AGGRESSIVE;
				GCC_WARN_UNUSED_FUNCTION = YES;
				GCC_WARN_UNUSED_VARIABLE = YES;
				IPHONEOS_DEPLOYMENT_TARGET = 9.3;
				MTL_ENABLE_DEBUG_INFO = YES;
				ONLY_ACTIVE_ARCH = YES;
				SDKROOT = iphoneos;
				TARGETED_DEVICE_FAMILY = "1,2";
			};
			name = Debug;
		};
		8BAD75781D58862700B585F7 /* Release */ = {
			isa = XCBuildConfiguration;
			buildSettings = {
				ALWAYS_SEARCH_USER_PATHS = NO;
				CLANG_ANALYZER_NONNULL = YES;
				CLANG_CXX_LANGUAGE_STANDARD = "gnu++0x";
				CLANG_CXX_LIBRARY = "libc++";
				CLANG_ENABLE_MODULES = YES;
				CLANG_ENABLE_OBJC_ARC = YES;
				CLANG_WARN_BOOL_CONVERSION = YES;
				CLANG_WARN_CONSTANT_CONVERSION = YES;
				CLANG_WARN_DIRECT_OBJC_ISA_USAGE = YES_ERROR;
				CLANG_WARN_EMPTY_BODY = YES;
				CLANG_WARN_ENUM_CONVERSION = YES;
				CLANG_WARN_INT_CONVERSION = YES;
				CLANG_WARN_OBJC_ROOT_CLASS = YES_ERROR;
				CLANG_WARN_UNREACHABLE_CODE = YES;
				CLANG_WARN__DUPLICATE_METHOD_MATCH = YES;
				"CODE_SIGN_IDENTITY[sdk=iphoneos*]" = "iPhone Developer";
				COPY_PHASE_STRIP = NO;
				DEBUG_INFORMATION_FORMAT = "dwarf-with-dsym";
				ENABLE_NS_ASSERTIONS = NO;
				ENABLE_STRICT_OBJC_MSGSEND = YES;
				GCC_C_LANGUAGE_STANDARD = gnu99;
				GCC_NO_COMMON_BLOCKS = YES;
				GCC_WARN_64_TO_32_BIT_CONVERSION = YES;
				GCC_WARN_ABOUT_RETURN_TYPE = YES_ERROR;
				GCC_WARN_UNDECLARED_SELECTOR = YES;
				GCC_WARN_UNINITIALIZED_AUTOS = YES_AGGRESSIVE;
				GCC_WARN_UNUSED_FUNCTION = YES;
				GCC_WARN_UNUSED_VARIABLE = YES;
				IPHONEOS_DEPLOYMENT_TARGET = 9.3;
				MTL_ENABLE_DEBUG_INFO = NO;
				SDKROOT = iphoneos;
				TARGETED_DEVICE_FAMILY = "1,2";
				VALIDATE_PRODUCT = YES;
			};
			name = Release;
		};
		8BAD757A1D58862700B585F7 /* Debug */ = {
			isa = XCBuildConfiguration;
			buildSettings = {
				ASSETCATALOG_COMPILER_APPICON_NAME = AppIcon;
				INFOPLIST_FILE = LJFileExplorer/Info.plist;
				IPHONEOS_DEPLOYMENT_TARGET = 7.0;
				LD_RUNPATH_SEARCH_PATHS = "$(inherited) @executable_path/Frameworks";
				PRODUCT_BUNDLE_IDENTIFIER = cn.ljj.LJFileExplorer;
				PRODUCT_NAME = "$(TARGET_NAME)";
			};
			name = Debug;
		};
		8BAD757B1D58862700B585F7 /* Release */ = {
			isa = XCBuildConfiguration;
			buildSettings = {
				ASSETCATALOG_COMPILER_APPICON_NAME = AppIcon;
				INFOPLIST_FILE = LJFileExplorer/Info.plist;
				IPHONEOS_DEPLOYMENT_TARGET = 7.0;
				LD_RUNPATH_SEARCH_PATHS = "$(inherited) @executable_path/Frameworks";
				PRODUCT_BUNDLE_IDENTIFIER = cn.ljj.LJFileExplorer;
				PRODUCT_NAME = "$(TARGET_NAME)";
			};
			name = Release;
		};
/* End XCBuildConfiguration section */

/* Begin XCConfigurationList section */
		8BAD755D1D58862600B585F7 /* Build configuration list for PBXProject "LJFileExplorer" */ = {
			isa = XCConfigurationList;
			buildConfigurations = (
				8BAD75771D58862700B585F7 /* Debug */,
				8BAD75781D58862700B585F7 /* Release */,
			);
			defaultConfigurationIsVisible = 0;
			defaultConfigurationName = Release;
		};
		8BAD75791D58862700B585F7 /* Build configuration list for PBXNativeTarget "LJFileExplorer" */ = {
			isa = XCConfigurationList;
			buildConfigurations = (
				8BAD757A1D58862700B585F7 /* Debug */,
				8BAD757B1D58862700B585F7 /* Release */,
			);
			defaultConfigurationIsVisible = 0;
		};
/* End XCConfigurationList section */
	};
	rootObject = 8BAD755A1D58862600B585F7 /* Project object */;
}
